
Microsoft Visual Studio Solution File, Format Version 12.00
# Visual Studio Version 17
VisualStudioVersion = 17.13.35825.156
MinimumVisualStudioVersion = 10.0.40219.1
Project("{FAE04EC0-301F-11D3-BF4B-00C04F79EFBC}") = "HelloWorld", "HelloWorld\HelloWorld.csproj", "{FFF39F92-6413-4501-BB96-4D6F8BBDAC8B}"
EndProject
Project("{FAE04EC0-301F-11D3-BF4B-00C04F79EFBC}") = "FirstDegree", "FirstDegree\FirstDegree.csproj", "{79C833AD-E4D4-4007-BCFF-38C00ECD7A52}"
EndProject
Project("{FAE04EC0-301F-11D3-BF4B-00C04F79EFBC}") = "QuadraticEquation", "QuadraticEquation\QuadraticEquation.csproj", "{354B56DA-C4BE-4A3C-800B-8286ABDA1C6E}"
EndProject
Project("{FAE04EC0-301F-11D3-BF4B-00C04F79EFBC}") = "Stringinteraction", "Stringinteraction\Stringinteraction.csproj", "{474F9AAA-34C7-4B11-8472-A518A097B140}"
EndProject
Project("{FAE04EC0-301F-11D3-BF4B-00C04F79EFBC}") = "MathSimple", "MathSimple\MathSimple.csproj", "{CEF2B837-FC2C-4A04-B33D-33C9F47315BF}"
EndProject
Project("{FAE04EC0-301F-11D3-BF4B-00C04F79EFBC}") = "callbyRederence", "callbyRederence\callbyRederence.csproj", "{157F18BA-495E-4C7B-A559-0B46959DAB78}"
EndProject
Project("{FAE04EC0-301F-11D3-BF4B-00C04F79EFBC}") = "Reviewfor", "Reviewfor\Reviewfor.csproj", "{93507BC7-DA75-4F73-9B10-10E5CBD7C73F}"
EndProject
Project("{FAE04EC0-301F-11D3-BF4B-00C04F79EFBC}") = "LearnForeach", "LearnForeach\LearnForeach.csproj", "{7E29C1FA-6EB3-44EF-AEEB-C0E9699EDC15}"
EndProject
Project("{FAE04EC0-301F-11D3-BF4B-00C04F79EFBC}") = "Reviewloop", "Reviewloop\Reviewloop.csproj", "{F258A865-FA54-4543-9DF8-F8894677486A}"
EndProject
Project("{FAE04EC0-301F-11D3-BF4B-00C04F79EFBC}") = "OOP1", "OOP1\OOP1.csproj", "{FF213E28-BC36-4EDC-A4FF-73BF07A68C5E}"
EndProject
Project("{FAE04EC0-301F-11D3-BF4B-00C04F79EFBC}") = "OOP2", "OOP2\OOP2.csproj", "{85A3AB21-7223-40D3-BB46-96F876C5D4A7}"
EndProject
Project("{FAE04EC0-301F-11D3-BF4B-00C04F79EFBC}") = "OOP3_ExtendtionMethod", "OOP2_ExtendtionMethod\OOP3_ExtendtionMethod.csproj", "{15B8991D-4C1C-4E3B-AF93-82AA62A2C9BF}"
EndProject
Project("{FAE04EC0-301F-11D3-BF4B-00C04F79EFBC}") = "OOP2_Reuse_as_library", "OOP2_Reuse_as_library\OOP2_Reuse_as_library.csproj", "{573A9445-E10D-414E-A97F-F13526D6631E}"
EndProject
Project("{FAE04EC0-301F-11D3-BF4B-00C04F79EFBC}") = "Collection_Generic", "Collection_Generic\Collection_Generic.csproj", "{954C39EE-00B9-4A3C-9C3C-66B89AA463DF}"
EndProject
Project("{FAE04EC0-301F-11D3-BF4B-00C04F79EFBC}") = "OOP4_Dictionary", "OOP4_Dictionary\OOP4_Dictionary.csproj", "{751DFBAA-7E2A-424C-BABD-D35D3487EEAB}"
EndProject
Project("{2150E333-8FDC-42A3-9474-1A3956D46DE8}") = "Chapter 5", "Chapter 5", "{02EA681E-C7D8-13C7-8484-4AC65E1B71E8}"
EndProject
Project("{FAE04EC0-301F-11D3-BF4B-00C04F79EFBC}") = "SingletonPattern", "Chapter5\SingletonPattern\SingletonPattern.csproj", "{DB8D403D-B7C5-7D76-0190-CB45EBCE652A}"
EndProject
Project("{FAE04EC0-301F-11D3-BF4B-00C04F79EFBC}") = "PrototypePattern", "Chapter5\PrototypePattern\PrototypePattern.csproj", "{EF915746-A058-D8FF-5699-754FDE195129}"
EndProject
Project("{FAE04EC0-301F-11D3-BF4B-00C04F79EFBC}") = "ObserverPattern", "Chapter5\ObserverPattern\ObserverPattern.csproj", "{9D21791C-6B8D-3D2F-D529-F9BFCE1BC979}"
EndProject
Project("{FAE04EC0-301F-11D3-BF4B-00C04F79EFBC}") = "FactoriesPattern", "Chapter5\FactoriesPattern\FactoriesPattern.csproj", "{EE0BAB35-78EB-7239-EA86-47199BBA8F83}"
EndProject
Project("{FAE04EC0-301F-11D3-BF4B-00C04F79EFBC}") = "BuilderPattern", "Chapter5\BuilderPattern\BuilderPattern.csproj", "{CA79B1A6-DD41-AEF6-7BF0-A7D9706996FA}"
EndProject
Project("{2150E333-8FDC-42A3-9474-1A3956D46DE8}") = "Chapter 2", "Chapter 2", "{67CC9539-3C20-4CD6-9505-B3B6BD6E0F66}"
EndProject
Project("{2150E333-8FDC-42A3-9474-1A3956D46DE8}") = "Chapter 3", "Chapter 3", "{CC1325AF-CC4E-482B-BCB3-19CB40CD6AB8}"
EndProject
Project("{2150E333-8FDC-42A3-9474-1A3956D46DE8}") = "Chapter 1", "Chapter 1", "{6B9967C9-FB58-4590-847C-D78B0FD47447}"
EndProject
Project("{2150E333-8FDC-42A3-9474-1A3956D46DE8}") = "Chapter 4", "Chapter 4", "{6505FBED-385C-4FCB-9C95-1E62D4019702}"
EndProject
Project("{FAE04EC0-301F-11D3-BF4B-00C04F79EFBC}") = "test", "test\test.csproj", "{1966B930-CDCE-4AF9-9244-C3DA2A1025CA}"
EndProject
Project("{2150E333-8FDC-42A3-9474-1A3956D46DE8}") = "Chapter 7", "Chapter 7", "{11B3FBE0-B9ED-4FB9-B881-54DBEA8C7C8C}"
EndProject
Project("{FAE04EC0-301F-11D3-BF4B-00C04F79EFBC}") = "HelloWpfApp", "HelloWpfApp\HelloWpfApp.csproj", "{4703F559-C25F-4AEA-A1FF-4C979171CA1D}"
EndProject
Project("{FAE04EC0-301F-11D3-BF4B-00C04F79EFBC}") = "CheckBoxControlEvent", "CheckBoxControlEvent\CheckBoxControlEvent.csproj", "{4A6B5C46-64CE-42EC-8A33-F3E240AA7F9C}"
EndProject
Project("{FAE04EC0-301F-11D3-BF4B-00C04F79EFBC}") = "ButtonControl_TongHop", "ButtonControl_TongHop\ButtonControl_TongHop.csproj", "{73C8B840-CE5A-487F-B617-CF105BA54C10}"
EndProject
Project("{FAE04EC0-301F-11D3-BF4B-00C04F79EFBC}") = "RadioButtonControl", "RadioButtonControl\RadioButtonControl.csproj", "{EB606AE1-12A4-4B10-93E5-81903453353A}"
EndProject
Project("{FAE04EC0-301F-11D3-BF4B-00C04F79EFBC}") = "ListWpf", "ListWpf\ListWpf.csproj", "{9EDD334C-0CBC-45B6-AB4F-4A21528ECDDC}"
EndProject
Global
	GlobalSection(SolutionConfigurationPlatforms) = preSolution
		Debug|Any CPU = Debug|Any CPU
		Release|Any CPU = Release|Any CPU
	EndGlobalSection
	GlobalSection(ProjectConfigurationPlatforms) = postSolution
		{FFF39F92-6413-4501-BB96-4D6F8BBDAC8B}.Debug|Any CPU.ActiveCfg = Debug|Any CPU
		{FFF39F92-6413-4501-BB96-4D6F8BBDAC8B}.Debug|Any CPU.Build.0 = Debug|Any CPU
		{FFF39F92-6413-4501-BB96-4D6F8BBDAC8B}.Release|Any CPU.ActiveCfg = Release|Any CPU
		{FFF39F92-6413-4501-BB96-4D6F8BBDAC8B}.Release|Any CPU.Build.0 = Release|Any CPU
		{79C833AD-E4D4-4007-BCFF-38C00ECD7A52}.Debug|Any CPU.ActiveCfg = Debug|Any CPU
		{79C833AD-E4D4-4007-BCFF-38C00ECD7A52}.Debug|Any CPU.Build.0 = Debug|Any CPU
		{79C833AD-E4D4-4007-BCFF-38C00ECD7A52}.Release|Any CPU.ActiveCfg = Release|Any CPU
		{79C833AD-E4D4-4007-BCFF-38C00ECD7A52}.Release|Any CPU.Build.0 = Release|Any CPU
		{354B56DA-C4BE-4A3C-800B-8286ABDA1C6E}.Debug|Any CPU.ActiveCfg = Debug|Any CPU
		{354B56DA-C4BE-4A3C-800B-8286ABDA1C6E}.Debug|Any CPU.Build.0 = Debug|Any CPU
		{354B56DA-C4BE-4A3C-800B-8286ABDA1C6E}.Release|Any CPU.ActiveCfg = Release|Any CPU
		{354B56DA-C4BE-4A3C-800B-8286ABDA1C6E}.Release|Any CPU.Build.0 = Release|Any CPU
		{474F9AAA-34C7-4B11-8472-A518A097B140}.Debug|Any CPU.ActiveCfg = Debug|Any CPU
		{474F9AAA-34C7-4B11-8472-A518A097B140}.Debug|Any CPU.Build.0 = Debug|Any CPU
		{474F9AAA-34C7-4B11-8472-A518A097B140}.Release|Any CPU.ActiveCfg = Release|Any CPU
		{474F9AAA-34C7-4B11-8472-A518A097B140}.Release|Any CPU.Build.0 = Release|Any CPU
		{CEF2B837-FC2C-4A04-B33D-33C9F47315BF}.Debug|Any CPU.ActiveCfg = Debug|Any CPU
		{CEF2B837-FC2C-4A04-B33D-33C9F47315BF}.Debug|Any CPU.Build.0 = Debug|Any CPU
		{CEF2B837-FC2C-4A04-B33D-33C9F47315BF}.Release|Any CPU.ActiveCfg = Release|Any CPU
		{CEF2B837-FC2C-4A04-B33D-33C9F47315BF}.Release|Any CPU.Build.0 = Release|Any CPU
		{157F18BA-495E-4C7B-A559-0B46959DAB78}.Debug|Any CPU.ActiveCfg = Debug|Any CPU
		{157F18BA-495E-4C7B-A559-0B46959DAB78}.Debug|Any CPU.Build.0 = Debug|Any CPU
		{157F18BA-495E-4C7B-A559-0B46959DAB78}.Release|Any CPU.ActiveCfg = Release|Any CPU
		{157F18BA-495E-4C7B-A559-0B46959DAB78}.Release|Any CPU.Build.0 = Release|Any CPU
		{93507BC7-DA75-4F73-9B10-10E5CBD7C73F}.Debug|Any CPU.ActiveCfg = Debug|Any CPU
		{93507BC7-DA75-4F73-9B10-10E5CBD7C73F}.Debug|Any CPU.Build.0 = Debug|Any CPU
		{93507BC7-DA75-4F73-9B10-10E5CBD7C73F}.Release|Any CPU.ActiveCfg = Release|Any CPU
		{93507BC7-DA75-4F73-9B10-10E5CBD7C73F}.Release|Any CPU.Build.0 = Release|Any CPU
		{7E29C1FA-6EB3-44EF-AEEB-C0E9699EDC15}.Debug|Any CPU.ActiveCfg = Debug|Any CPU
		{7E29C1FA-6EB3-44EF-AEEB-C0E9699EDC15}.Debug|Any CPU.Build.0 = Debug|Any CPU
		{7E29C1FA-6EB3-44EF-AEEB-C0E9699EDC15}.Release|Any CPU.ActiveCfg = Release|Any CPU
		{7E29C1FA-6EB3-44EF-AEEB-C0E9699EDC15}.Release|Any CPU.Build.0 = Release|Any CPU
		{F258A865-FA54-4543-9DF8-F8894677486A}.Debug|Any CPU.ActiveCfg = Debug|Any CPU
		{F258A865-FA54-4543-9DF8-F8894677486A}.Debug|Any CPU.Build.0 = Debug|Any CPU
		{F258A865-FA54-4543-9DF8-F8894677486A}.Release|Any CPU.ActiveCfg = Release|Any CPU
		{F258A865-FA54-4543-9DF8-F8894677486A}.Release|Any CPU.Build.0 = Release|Any CPU
		{FF213E28-BC36-4EDC-A4FF-73BF07A68C5E}.Debug|Any CPU.ActiveCfg = Debug|Any CPU
		{FF213E28-BC36-4EDC-A4FF-73BF07A68C5E}.Debug|Any CPU.Build.0 = Debug|Any CPU
		{FF213E28-BC36-4EDC-A4FF-73BF07A68C5E}.Release|Any CPU.ActiveCfg = Release|Any CPU
		{FF213E28-BC36-4EDC-A4FF-73BF07A68C5E}.Release|Any CPU.Build.0 = Release|Any CPU
		{85A3AB21-7223-40D3-BB46-96F876C5D4A7}.Debug|Any CPU.ActiveCfg = Debug|Any CPU
		{85A3AB21-7223-40D3-BB46-96F876C5D4A7}.Debug|Any CPU.Build.0 = Debug|Any CPU
		{85A3AB21-7223-40D3-BB46-96F876C5D4A7}.Release|Any CPU.ActiveCfg = Release|Any CPU
		{85A3AB21-7223-40D3-BB46-96F876C5D4A7}.Release|Any CPU.Build.0 = Release|Any CPU
		{15B8991D-4C1C-4E3B-AF93-82AA62A2C9BF}.Debug|Any CPU.ActiveCfg = Debug|Any CPU
		{15B8991D-4C1C-4E3B-AF93-82AA62A2C9BF}.Debug|Any CPU.Build.0 = Debug|Any CPU
		{15B8991D-4C1C-4E3B-AF93-82AA62A2C9BF}.Release|Any CPU.ActiveCfg = Release|Any CPU
		{15B8991D-4C1C-4E3B-AF93-82AA62A2C9BF}.Release|Any CPU.Build.0 = Release|Any CPU
		{573A9445-E10D-414E-A97F-F13526D6631E}.Debug|Any CPU.ActiveCfg = Debug|Any CPU
		{573A9445-E10D-414E-A97F-F13526D6631E}.Debug|Any CPU.Build.0 = Debug|Any CPU
		{573A9445-E10D-414E-A97F-F13526D6631E}.Release|Any CPU.ActiveCfg = Release|Any CPU
		{573A9445-E10D-414E-A97F-F13526D6631E}.Release|Any CPU.Build.0 = Release|Any CPU
		{954C39EE-00B9-4A3C-9C3C-66B89AA463DF}.Debug|Any CPU.ActiveCfg = Debug|Any CPU
		{954C39EE-00B9-4A3C-9C3C-66B89AA463DF}.Debug|Any CPU.Build.0 = Debug|Any CPU
		{954C39EE-00B9-4A3C-9C3C-66B89AA463DF}.Release|Any CPU.ActiveCfg = Release|Any CPU
		{954C39EE-00B9-4A3C-9C3C-66B89AA463DF}.Release|Any CPU.Build.0 = Release|Any CPU
		{751DFBAA-7E2A-424C-BABD-D35D3487EEAB}.Debug|Any CPU.ActiveCfg = Debug|Any CPU
		{751DFBAA-7E2A-424C-BABD-D35D3487EEAB}.Debug|Any CPU.Build.0 = Debug|Any CPU
		{751DFBAA-7E2A-424C-BABD-D35D3487EEAB}.Release|Any CPU.ActiveCfg = Release|Any CPU
		{751DFBAA-7E2A-424C-BABD-D35D3487EEAB}.Release|Any CPU.Build.0 = Release|Any CPU
		{DB8D403D-B7C5-7D76-0190-CB45EBCE652A}.Debug|Any CPU.ActiveCfg = Debug|Any CPU
		{DB8D403D-B7C5-7D76-0190-CB45EBCE652A}.Debug|Any CPU.Build.0 = Debug|Any CPU
		{DB8D403D-B7C5-7D76-0190-CB45EBCE652A}.Release|Any CPU.ActiveCfg = Release|Any CPU
		{DB8D403D-B7C5-7D76-0190-CB45EBCE652A}.Release|Any CPU.Build.0 = Release|Any CPU
		{EF915746-A058-D8FF-5699-754FDE195129}.Debug|Any CPU.ActiveCfg = Debug|Any CPU
		{EF915746-A058-D8FF-5699-754FDE195129}.Debug|Any CPU.Build.0 = Debug|Any CPU
		{EF915746-A058-D8FF-5699-754FDE195129}.Release|Any CPU.ActiveCfg = Release|Any CPU
		{EF915746-A058-D8FF-5699-754FDE195129}.Release|Any CPU.Build.0 = Release|Any CPU
		{9D21791C-6B8D-3D2F-D529-F9BFCE1BC979}.Debug|Any CPU.ActiveCfg = Debug|Any CPU
		{9D21791C-6B8D-3D2F-D529-F9BFCE1BC979}.Debug|Any CPU.Build.0 = Debug|Any CPU
		{9D21791C-6B8D-3D2F-D529-F9BFCE1BC979}.Release|Any CPU.ActiveCfg = Release|Any CPU
		{9D21791C-6B8D-3D2F-D529-F9BFCE1BC979}.Release|Any CPU.Build.0 = Release|Any CPU
		{EE0BAB35-78EB-7239-EA86-47199BBA8F83}.Debug|Any CPU.ActiveCfg = Debug|Any CPU
		{EE0BAB35-78EB-7239-EA86-47199BBA8F83}.Debug|Any CPU.Build.0 = Debug|Any CPU
		{EE0BAB35-78EB-7239-EA86-47199BBA8F83}.Release|Any CPU.ActiveCfg = Release|Any CPU
		{EE0BAB35-78EB-7239-EA86-47199BBA8F83}.Release|Any CPU.Build.0 = Release|Any CPU
		{CA79B1A6-DD41-AEF6-7BF0-A7D9706996FA}.Debug|Any CPU.ActiveCfg = Debug|Any CPU
		{CA79B1A6-DD41-AEF6-7BF0-A7D9706996FA}.Debug|Any CPU.Build.0 = Debug|Any CPU
		{CA79B1A6-DD41-AEF6-7BF0-A7D9706996FA}.Release|Any CPU.ActiveCfg = Release|Any CPU
		{CA79B1A6-DD41-AEF6-7BF0-A7D9706996FA}.Release|Any CPU.Build.0 = Release|Any CPU
		{1966B930-CDCE-4AF9-9244-C3DA2A1025CA}.Debug|Any CPU.ActiveCfg = Debug|Any CPU
		{1966B930-CDCE-4AF9-9244-C3DA2A1025CA}.Debug|Any CPU.Build.0 = Debug|Any CPU
		{1966B930-CDCE-4AF9-9244-C3DA2A1025CA}.Release|Any CPU.ActiveCfg = Release|Any CPU
		{1966B930-CDCE-4AF9-9244-C3DA2A1025CA}.Release|Any CPU.Build.0 = Release|Any CPU
		{4703F559-C25F-4AEA-A1FF-4C979171CA1D}.Debug|Any CPU.ActiveCfg = Debug|Any CPU
		{4703F559-C25F-4AEA-A1FF-4C979171CA1D}.Debug|Any CPU.Build.0 = Debug|Any CPU
		{4703F559-C25F-4AEA-A1FF-4C979171CA1D}.Release|Any CPU.ActiveCfg = Release|Any CPU
		{4703F559-C25F-4AEA-A1FF-4C979171CA1D}.Release|Any CPU.Build.0 = Release|Any CPU
		{4A6B5C46-64CE-42EC-8A33-F3E240AA7F9C}.Debug|Any CPU.ActiveCfg = Debug|Any CPU
		{4A6B5C46-64CE-42EC-8A33-F3E240AA7F9C}.Debug|Any CPU.Build.0 = Debug|Any CPU
		{4A6B5C46-64CE-42EC-8A33-F3E240AA7F9C}.Release|Any CPU.ActiveCfg = Release|Any CPU
		{4A6B5C46-64CE-42EC-8A33-F3E240AA7F9C}.Release|Any CPU.Build.0 = Release|Any CPU
		{73C8B840-CE5A-487F-B617-CF105BA54C10}.Debug|Any CPU.ActiveCfg = Debug|Any CPU
		{73C8B840-CE5A-487F-B617-CF105BA54C10}.Debug|Any CPU.Build.0 = Debug|Any CPU
		{73C8B840-CE5A-487F-B617-CF105BA54C10}.Release|Any CPU.ActiveCfg = Release|Any CPU
		{73C8B840-CE5A-487F-B617-CF105BA54C10}.Release|Any CPU.Build.0 = Release|Any CPU
		{EB606AE1-12A4-4B10-93E5-81903453353A}.Debug|Any CPU.ActiveCfg = Debug|Any CPU
		{EB606AE1-12A4-4B10-93E5-81903453353A}.Debug|Any CPU.Build.0 = Debug|Any CPU
		{EB606AE1-12A4-4B10-93E5-81903453353A}.Release|Any CPU.ActiveCfg = Release|Any CPU
		{EB606AE1-12A4-4B10-93E5-81903453353A}.Release|Any CPU.Build.0 = Release|Any CPU
		{9EDD334C-0CBC-45B6-AB4F-4A21528ECDDC}.Debug|Any CPU.ActiveCfg = Debug|Any CPU
		{9EDD334C-0CBC-45B6-AB4F-4A21528ECDDC}.Debug|Any CPU.Build.0 = Debug|Any CPU
		{9EDD334C-0CBC-45B6-AB4F-4A21528ECDDC}.Release|Any CPU.ActiveCfg = Release|Any CPU
		{9EDD334C-0CBC-45B6-AB4F-4A21528ECDDC}.Release|Any CPU.Build.0 = Release|Any CPU
	EndGlobalSection
	GlobalSection(SolutionProperties) = preSolution
		HideSolutionNode = FALSE
	EndGlobalSection
	GlobalSection(NestedProjects) = preSolution
		{FFF39F92-6413-4501-BB96-4D6F8BBDAC8B} = {6B9967C9-FB58-4590-847C-D78B0FD47447}
		{79C833AD-E4D4-4007-BCFF-38C00ECD7A52} = {67CC9539-3C20-4CD6-9505-B3B6BD6E0F66}
		{354B56DA-C4BE-4A3C-800B-8286ABDA1C6E} = {67CC9539-3C20-4CD6-9505-B3B6BD6E0F66}
		{474F9AAA-34C7-4B11-8472-A518A097B140} = {67CC9539-3C20-4CD6-9505-B3B6BD6E0F66}
		{CEF2B837-FC2C-4A04-B33D-33C9F47315BF} = {67CC9539-3C20-4CD6-9505-B3B6BD6E0F66}
		{157F18BA-495E-4C7B-A559-0B46959DAB78} = {67CC9539-3C20-4CD6-9505-B3B6BD6E0F66}
		{93507BC7-DA75-4F73-9B10-10E5CBD7C73F} = {67CC9539-3C20-4CD6-9505-B3B6BD6E0F66}
		{7E29C1FA-6EB3-44EF-AEEB-C0E9699EDC15} = {67CC9539-3C20-4CD6-9505-B3B6BD6E0F66}
		{F258A865-FA54-4543-9DF8-F8894677486A} = {67CC9539-3C20-4CD6-9505-B3B6BD6E0F66}
		{FF213E28-BC36-4EDC-A4FF-73BF07A68C5E} = {CC1325AF-CC4E-482B-BCB3-19CB40CD6AB8}
		{85A3AB21-7223-40D3-BB46-96F876C5D4A7} = {CC1325AF-CC4E-482B-BCB3-19CB40CD6AB8}
		{15B8991D-4C1C-4E3B-AF93-82AA62A2C9BF} = {CC1325AF-CC4E-482B-BCB3-19CB40CD6AB8}
		{573A9445-E10D-414E-A97F-F13526D6631E} = {CC1325AF-CC4E-482B-BCB3-19CB40CD6AB8}
		{954C39EE-00B9-4A3C-9C3C-66B89AA463DF} = {6505FBED-385C-4FCB-9C95-1E62D4019702}
		{751DFBAA-7E2A-424C-BABD-D35D3487EEAB} = {6505FBED-385C-4FCB-9C95-1E62D4019702}
		{DB8D403D-B7C5-7D76-0190-CB45EBCE652A} = {02EA681E-C7D8-13C7-8484-4AC65E1B71E8}
		{EF915746-A058-D8FF-5699-754FDE195129} = {02EA681E-C7D8-13C7-8484-4AC65E1B71E8}
		{9D21791C-6B8D-3D2F-D529-F9BFCE1BC979} = {02EA681E-C7D8-13C7-8484-4AC65E1B71E8}
		{EE0BAB35-78EB-7239-EA86-47199BBA8F83} = {02EA681E-C7D8-13C7-8484-4AC65E1B71E8}
		{CA79B1A6-DD41-AEF6-7BF0-A7D9706996FA} = {02EA681E-C7D8-13C7-8484-4AC65E1B71E8}
		{4703F559-C25F-4AEA-A1FF-4C979171CA1D} = {11B3FBE0-B9ED-4FB9-B881-54DBEA8C7C8C}
		{4A6B5C46-64CE-42EC-8A33-F3E240AA7F9C} = {11B3FBE0-B9ED-4FB9-B881-54DBEA8C7C8C}
		{73C8B840-CE5A-487F-B617-CF105BA54C10} = {11B3FBE0-B9ED-4FB9-B881-54DBEA8C7C8C}
		{EB606AE1-12A4-4B10-93E5-81903453353A} = {11B3FBE0-B9ED-4FB9-B881-54DBEA8C7C8C}
		{9EDD334C-0CBC-45B6-AB4F-4A21528ECDDC} = {11B3FBE0-B9ED-4FB9-B881-54DBEA8C7C8C}
	EndGlobalSection
	GlobalSection(ExtensibilityGlobals) = postSolution
		SolutionGuid = {CC8F3D4E-A510-41F7-9315-BDFCF0989A63}
	EndGlobalSection
EndGlobal
