
Microsoft Visual Studio Solution File, Format Version 12.00
# Visual Studio Version 17
VisualStudioVersion = 17.14.36203.30 d17.14
MinimumVisualStudioVersion = 10.0.40219.1
Project("{FAE04EC0-301F-11D3-BF4B-00C04F79EFBC}") = "BusinessObjects", "BusinessObjects\BusinessObjects.csproj", "{5A7142AB-4890-4FF1-B177-B9815521E904}"
EndProject
Project("{FAE04EC0-301F-11D3-BF4B-00C04F79EFBC}") = "DataAccessObjects", "DataAccessObjects\DataAccessObjects.csproj", "{482B0441-F464-45F6-8603-857F79EBB33E}"
EndProject
Project("{FAE04EC0-301F-11D3-BF4B-00C04F79EFBC}") = "Repositories", "Repositories\Repositories.csproj", "{E7B0624A-37A5-4401-8903-08371172AF3C}"
EndProject
Project("{FAE04EC0-301F-11D3-BF4B-00C04F79EFBC}") = "Services", "Services\Services.csproj", "{583BF7EE-A46A-49E7-B486-FEC6D5E05E69}"
EndProject
Project("{FAE04EC0-301F-11D3-BF4B-00C04F79EFBC}") = "ProductManagement", "ProductManagement\ProductManagement.csproj", "{4506BDD3-DFAF-4002-83C2-F7CB341CE2AB}"
EndProject
Global
	GlobalSection(SolutionConfigurationPlatforms) = preSolution
		Debug|Any CPU = Debug|Any CPU
		Release|Any CPU = Release|Any CPU
	EndGlobalSection
	GlobalSection(ProjectConfigurationPlatforms) = postSolution
		{5A7142AB-4890-4FF1-B177-B9815521E904}.Debug|Any CPU.ActiveCfg = Debug|Any CPU
		{5A7142AB-4890-4FF1-B177-B9815521E904}.Debug|Any CPU.Build.0 = Debug|Any CPU
		{5A7142AB-4890-4FF1-B177-B9815521E904}.Release|Any CPU.ActiveCfg = Release|Any CPU
		{5A7142AB-4890-4FF1-B177-B9815521E904}.Release|Any CPU.Build.0 = Release|Any CPU
		{482B0441-F464-45F6-8603-857F79EBB33E}.Debug|Any CPU.ActiveCfg = Debug|Any CPU
		{482B0441-F464-45F6-8603-857F79EBB33E}.Debug|Any CPU.Build.0 = Debug|Any CPU
		{482B0441-F464-45F6-8603-857F79EBB33E}.Release|Any CPU.ActiveCfg = Release|Any CPU
		{482B0441-F464-45F6-8603-857F79EBB33E}.Release|Any CPU.Build.0 = Release|Any CPU
		{E7B0624A-37A5-4401-8903-08371172AF3C}.Debug|Any CPU.ActiveCfg = Debug|Any CPU
		{E7B0624A-37A5-4401-8903-08371172AF3C}.Debug|Any CPU.Build.0 = Debug|Any CPU
		{E7B0624A-37A5-4401-8903-08371172AF3C}.Release|Any CPU.ActiveCfg = Release|Any CPU
		{E7B0624A-37A5-4401-8903-08371172AF3C}.Release|Any CPU.Build.0 = Release|Any CPU
		{583BF7EE-A46A-49E7-B486-FEC6D5E05E69}.Debug|Any CPU.ActiveCfg = Debug|Any CPU
		{583BF7EE-A46A-49E7-B486-FEC6D5E05E69}.Debug|Any CPU.Build.0 = Debug|Any CPU
		{583BF7EE-A46A-49E7-B486-FEC6D5E05E69}.Release|Any CPU.ActiveCfg = Release|Any CPU
		{583BF7EE-A46A-49E7-B486-FEC6D5E05E69}.Release|Any CPU.Build.0 = Release|Any CPU
		{4506BDD3-DFAF-4002-83C2-F7CB341CE2AB}.Debug|Any CPU.ActiveCfg = Debug|Any CPU
		{4506BDD3-DFAF-4002-83C2-F7CB341CE2AB}.Debug|Any CPU.Build.0 = Debug|Any CPU
		{4506BDD3-DFAF-4002-83C2-F7CB341CE2AB}.Release|Any CPU.ActiveCfg = Release|Any CPU
		{4506BDD3-DFAF-4002-83C2-F7CB341CE2AB}.Release|Any CPU.Build.0 = Release|Any CPU
	EndGlobalSection
	GlobalSection(SolutionProperties) = preSolution
		HideSolutionNode = FALSE
	EndGlobalSection
	GlobalSection(ExtensibilityGlobals) = postSolution
		SolutionGuid = {1FF30313-B8FA-493A-80BC-DE8F6CC3D484}
	EndGlobalSection
EndGlobal
